
Microsoft Visual Studio Solution File, Format Version 12.00
# Visual Studio 15
VisualStudioVersion = 15.0.27130.2010
MinimumVisualStudioVersion = 10.0.40219.1
Project("{FAE04EC0-301F-11D3-BF4B-00C04F79EFBC}") = "DynGen.AspNet", "DynGen.AspNet\DynGen.AspNet.csproj", "{2FA2A26D-22E2-4573-972A-1794C102A149}"
EndProject
Project("{FAE04EC0-301F-11D3-BF4B-00C04F79EFBC}") = "WebApp", "WebApp\WebApp.csproj", "{39E69FB2-6EB6-4369-A18E-85B76DD2D676}"
EndProject
Global
	GlobalSection(SolutionConfigurationPlatforms) = preSolution
		Debug|Any CPU = Debug|Any CPU
		Release|Any CPU = Release|Any CPU
	EndGlobalSection
	GlobalSection(ProjectConfigurationPlatforms) = postSolution
		{2FA2A26D-22E2-4573-972A-1794C102A149}.Debug|Any CPU.ActiveCfg = Debug|Any CPU
		{2FA2A26D-22E2-4573-972A-1794C102A149}.Debug|Any CPU.Build.0 = Debug|Any CPU
		{2FA2A26D-22E2-4573-972A-1794C102A149}.Release|Any CPU.ActiveCfg = Release|Any CPU
		{2FA2A26D-22E2-4573-972A-1794C102A149}.Release|Any CPU.Build.0 = Release|Any CPU
		{39E69FB2-6EB6-4369-A18E-85B76DD2D676}.Debug|Any CPU.ActiveCfg = Debug|Any CPU
		{39E69FB2-6EB6-4369-A18E-85B76DD2D676}.Debug|Any CPU.Build.0 = Debug|Any CPU
		{39E69FB2-6EB6-4369-A18E-85B76DD2D676}.Release|Any CPU.ActiveCfg = Release|Any CPU
		{39E69FB2-6EB6-4369-A18E-85B76DD2D676}.Release|Any CPU.Build.0 = Release|Any CPU
	EndGlobalSection
	GlobalSection(SolutionProperties) = preSolution
		HideSolutionNode = FALSE
	EndGlobalSection
	GlobalSection(ExtensibilityGlobals) = postSolution
		SolutionGuid = {17BF2672-7B1F-4641-8308-E4B9442D0044}
	EndGlobalSection
EndGlobal
